
Microsoft Visual Studio Solution File, Format Version 12.00
# Visual Studio Version 17
VisualStudioVersion = 17.11.35208.52
MinimumVisualStudioVersion = 10.0.40219.1
Project("{FAE04EC0-301F-11D3-BF4B-00C04F79EFBC}") = "Week1pratical", "Week1pratical\Week1pratical.csproj", "{0ED224A5-224B-45FE-876A-81DA8C7A5CAF}"
EndProject
Global
	GlobalSection(SolutionConfigurationPlatforms) = preSolution
		Debug|Any CPU = Debug|Any CPU
		Release|Any CPU = Release|Any CPU
	EndGlobalSection
	GlobalSection(ProjectConfigurationPlatforms) = postSolution
		{0ED224A5-224B-45FE-876A-81DA8C7A5CAF}.Debug|Any CPU.ActiveCfg = Debug|Any CPU
		{0ED224A5-224B-45FE-876A-81DA8C7A5CAF}.Debug|Any CPU.Build.0 = Debug|Any CPU
		{0ED224A5-224B-45FE-876A-81DA8C7A5CAF}.Release|Any CPU.ActiveCfg = Release|Any CPU
		{0ED224A5-224B-45FE-876A-81DA8C7A5CAF}.Release|Any CPU.Build.0 = Release|Any CPU
	EndGlobalSection
	GlobalSection(SolutionProperties) = preSolution
		HideSolutionNode = FALSE
	EndGlobalSection
	GlobalSection(ExtensibilityGlobals) = postSolution
		SolutionGuid = {D47C75E2-A421-4D32-8B54-1835EDA8B583}
	EndGlobalSection
EndGlobal
